
Microsoft Visual Studio Solution File, Format Version 12.00
# Visual Studio 2013
VisualStudioVersion = 12.0.21005.1
MinimumVisualStudioVersion = 10.0.40219.1
Project("{159641D6-6404-4A2A-AE62-294DE0FE8301}") = "confidenciales_SSIS", "confidenciales_SSIS\confidenciales_SSIS 2\confidenciales_SSIS.dtproj", "{7C29190F-F171-4142-88F7-6061260E9684}"
EndProject
Global
	GlobalSection(SolutionConfigurationPlatforms) = preSolution
		Development|Default = Development|Default
	EndGlobalSection
	GlobalSection(ProjectConfigurationPlatforms) = postSolution
		{7C29190F-F171-4142-88F7-6061260E9684}.Development|Default.ActiveCfg = Development
		{7C29190F-F171-4142-88F7-6061260E9684}.Development|Default.Build.0 = Development
	EndGlobalSection
	GlobalSection(SolutionProperties) = preSolution
		HideSolutionNode = FALSE
	EndGlobalSection
EndGlobal
